
Microsoft Visual Studio Solution File, Format Version 12.00
# Visual Studio 15
VisualStudioVersion = 15.0.27703.2047
MinimumVisualStudioVersion = 10.0.40219.1
Project("{FAE04EC0-301F-11D3-BF4B-00C04F79EFBC}") = "10-bobTabor-Methods", "10-bobTabor-Methods\10-bobTabor-Methods.csproj", "{51BBCA12-614B-41EC-A3DE-A752DACE9667}"
EndProject
Global
	GlobalSection(SolutionConfigurationPlatforms) = preSolution
		Debug|Any CPU = Debug|Any CPU
		Release|Any CPU = Release|Any CPU
	EndGlobalSection
	GlobalSection(ProjectConfigurationPlatforms) = postSolution
		{51BBCA12-614B-41EC-A3DE-A752DACE9667}.Debug|Any CPU.ActiveCfg = Debug|Any CPU
		{51BBCA12-614B-41EC-A3DE-A752DACE9667}.Debug|Any CPU.Build.0 = Debug|Any CPU
		{51BBCA12-614B-41EC-A3DE-A752DACE9667}.Release|Any CPU.ActiveCfg = Release|Any CPU
		{51BBCA12-614B-41EC-A3DE-A752DACE9667}.Release|Any CPU.Build.0 = Release|Any CPU
	EndGlobalSection
	GlobalSection(SolutionProperties) = preSolution
		HideSolutionNode = FALSE
	EndGlobalSection
	GlobalSection(ExtensibilityGlobals) = postSolution
		SolutionGuid = {691D6D50-1872-4E3E-96EE-3678AE5DA184}
	EndGlobalSection
EndGlobal
