
Microsoft Visual Studio Solution File, Format Version 12.00
# Visual Studio 15
VisualStudioVersion = 15.0.27703.2047
MinimumVisualStudioVersion = 10.0.40219.1
Project("{FAE04EC0-301F-11D3-BF4B-00C04F79EFBC}") = "01OlaMundo", "01OlaMundo\01OlaMundo.csproj", "{6681408A-87D2-4AF0-AE98-D11FAF065B87}"
EndProject
Global
	GlobalSection(SolutionConfigurationPlatforms) = preSolution
		Debug|Any CPU = Debug|Any CPU
		Release|Any CPU = Release|Any CPU
	EndGlobalSection
	GlobalSection(ProjectConfigurationPlatforms) = postSolution
		{6681408A-87D2-4AF0-AE98-D11FAF065B87}.Debug|Any CPU.ActiveCfg = Debug|Any CPU
		{6681408A-87D2-4AF0-AE98-D11FAF065B87}.Debug|Any CPU.Build.0 = Debug|Any CPU
		{6681408A-87D2-4AF0-AE98-D11FAF065B87}.Release|Any CPU.ActiveCfg = Release|Any CPU
		{6681408A-87D2-4AF0-AE98-D11FAF065B87}.Release|Any CPU.Build.0 = Release|Any CPU
	EndGlobalSection
	GlobalSection(SolutionProperties) = preSolution
		HideSolutionNode = FALSE
	EndGlobalSection
	GlobalSection(ExtensibilityGlobals) = postSolution
		SolutionGuid = {885B10B9-1400-409A-A7F6-34DD68C3D59D}
	EndGlobalSection
EndGlobal
